
Microsoft Visual Studio Solution File, Format Version 12.00
# Visual Studio Version 17
VisualStudioVersion = 17.3.32825.248
MinimumVisualStudioVersion = 10.0.40219.1
Project("{FAE04EC0-301F-11D3-BF4B-00C04F79EFBC}") = "BrasilAPI.API", "BrasilAPI.API\BrasilAPI.API.csproj", "{DEBB28F2-3984-42FE-8EE0-A83359A5DDFD}"
EndProject
Project("{FAE04EC0-301F-11D3-BF4B-00C04F79EFBC}") = "BrasilAPI.Business", "BrasilAPI.Business\BrasilAPI.Business.csproj", "{173DBD11-D4B6-424D-9EA7-DA7CC49C870B}"
EndProject
Project("{FAE04EC0-301F-11D3-BF4B-00C04F79EFBC}") = "BrasilAPI.Models", "BrasilAPI.Models\BrasilAPI.Models.csproj", "{49C58DE5-DA1C-4DA1-938B-33DBCF72F248}"
EndProject
Global
	GlobalSection(SolutionConfigurationPlatforms) = preSolution
		Debug|Any CPU = Debug|Any CPU
		Release|Any CPU = Release|Any CPU
	EndGlobalSection
	GlobalSection(ProjectConfigurationPlatforms) = postSolution
		{DEBB28F2-3984-42FE-8EE0-A83359A5DDFD}.Debug|Any CPU.ActiveCfg = Debug|Any CPU
		{DEBB28F2-3984-42FE-8EE0-A83359A5DDFD}.Debug|Any CPU.Build.0 = Debug|Any CPU
		{DEBB28F2-3984-42FE-8EE0-A83359A5DDFD}.Release|Any CPU.ActiveCfg = Release|Any CPU
		{DEBB28F2-3984-42FE-8EE0-A83359A5DDFD}.Release|Any CPU.Build.0 = Release|Any CPU
		{173DBD11-D4B6-424D-9EA7-DA7CC49C870B}.Debug|Any CPU.ActiveCfg = Debug|Any CPU
		{173DBD11-D4B6-424D-9EA7-DA7CC49C870B}.Debug|Any CPU.Build.0 = Debug|Any CPU
		{173DBD11-D4B6-424D-9EA7-DA7CC49C870B}.Release|Any CPU.ActiveCfg = Release|Any CPU
		{173DBD11-D4B6-424D-9EA7-DA7CC49C870B}.Release|Any CPU.Build.0 = Release|Any CPU
		{49C58DE5-DA1C-4DA1-938B-33DBCF72F248}.Debug|Any CPU.ActiveCfg = Debug|Any CPU
		{49C58DE5-DA1C-4DA1-938B-33DBCF72F248}.Debug|Any CPU.Build.0 = Debug|Any CPU
		{49C58DE5-DA1C-4DA1-938B-33DBCF72F248}.Release|Any CPU.ActiveCfg = Release|Any CPU
		{49C58DE5-DA1C-4DA1-938B-33DBCF72F248}.Release|Any CPU.Build.0 = Release|Any CPU
	EndGlobalSection
	GlobalSection(SolutionProperties) = preSolution
		HideSolutionNode = FALSE
	EndGlobalSection
	GlobalSection(ExtensibilityGlobals) = postSolution
		SolutionGuid = {4B5E7860-E6ED-4B8F-840B-D00F6CBA67FF}
	EndGlobalSection
EndGlobal
