
Microsoft Visual Studio Solution File, Format Version 12.00
# Visual Studio Version 17
VisualStudioVersion = 17.3.32825.248
MinimumVisualStudioVersion = 10.0.40219.1
Project("{FAE04EC0-301F-11D3-BF4B-00C04F79EFBC}") = "1-olaMundo", "1-olaMundo\1-olaMundo.csproj", "{247FEE4F-BB2D-43B4-ACBF-FFEE0ECFC1A2}"
EndProject
Global
	GlobalSection(SolutionConfigurationPlatforms) = preSolution
		Debug|Any CPU = Debug|Any CPU
		Release|Any CPU = Release|Any CPU
	EndGlobalSection
	GlobalSection(ProjectConfigurationPlatforms) = postSolution
		{247FEE4F-BB2D-43B4-ACBF-FFEE0ECFC1A2}.Debug|Any CPU.ActiveCfg = Debug|Any CPU
		{247FEE4F-BB2D-43B4-ACBF-FFEE0ECFC1A2}.Debug|Any CPU.Build.0 = Debug|Any CPU
		{247FEE4F-BB2D-43B4-ACBF-FFEE0ECFC1A2}.Release|Any CPU.ActiveCfg = Release|Any CPU
		{247FEE4F-BB2D-43B4-ACBF-FFEE0ECFC1A2}.Release|Any CPU.Build.0 = Release|Any CPU
	EndGlobalSection
	GlobalSection(SolutionProperties) = preSolution
		HideSolutionNode = FALSE
	EndGlobalSection
	GlobalSection(ExtensibilityGlobals) = postSolution
		SolutionGuid = {05DB5781-7D88-4828-8504-6EDA50CDDCBE}
	EndGlobalSection
EndGlobal
